
Microsoft Visual Studio Solution File, Format Version 12.00
# Visual Studio 14
VisualStudioVersion = 14.0.25420.1
MinimumVisualStudioVersion = 10.0.40219.1
Project("{8BC9CEB8-8B4A-11D0-8D11-00A0C91BC942}") = "CommonDll", "CommonDll\CommonDll.vcxproj", "{2A2E76A2-AE98-4C43-AB45-59C9C1B35240}"
EndProject
Project("{8BC9CEB8-8B4A-11D0-8D11-00A0C91BC942}") = "CommonTest", "CommonTest\CommonTest.vcxproj", "{7389D450-9AD6-4BC9-89C3-F394426F09F2}"
EndProject
Project("{8BC9CEB8-8B4A-11D0-8D11-00A0C91BC942}") = "CTLogEx", "CTLogEx\CTLogEx.vcxproj", "{FC01AEC6-35F7-4BCC-B2E7-50FF2E33488F}"
EndProject
Project("{8BC9CEB8-8B4A-11D0-8D11-00A0C91BC942}") = "SocketHelp", "src\SocketHelp\SocketHelp.vcxproj", "{72A05D34-7C45-44D6-B9E9-0E8019E43FDB}"
EndProject
Global
	GlobalSection(SolutionConfigurationPlatforms) = preSolution
		Debug|x64 = Debug|x64
		Debug|x86 = Debug|x86
		Release|x64 = Release|x64
		Release|x86 = Release|x86
	EndGlobalSection
	GlobalSection(ProjectConfigurationPlatforms) = postSolution
		{2A2E76A2-AE98-4C43-AB45-59C9C1B35240}.Debug|x64.ActiveCfg = Debug|x64
		{2A2E76A2-AE98-4C43-AB45-59C9C1B35240}.Debug|x64.Build.0 = Debug|x64
		{2A2E76A2-AE98-4C43-AB45-59C9C1B35240}.Debug|x86.ActiveCfg = Debug|Win32
		{2A2E76A2-AE98-4C43-AB45-59C9C1B35240}.Debug|x86.Build.0 = Debug|Win32
		{2A2E76A2-AE98-4C43-AB45-59C9C1B35240}.Release|x64.ActiveCfg = Release|x64
		{2A2E76A2-AE98-4C43-AB45-59C9C1B35240}.Release|x64.Build.0 = Release|x64
		{2A2E76A2-AE98-4C43-AB45-59C9C1B35240}.Release|x86.ActiveCfg = Release|Win32
		{2A2E76A2-AE98-4C43-AB45-59C9C1B35240}.Release|x86.Build.0 = Release|Win32
		{7389D450-9AD6-4BC9-89C3-F394426F09F2}.Debug|x64.ActiveCfg = Debug|x64
		{7389D450-9AD6-4BC9-89C3-F394426F09F2}.Debug|x64.Build.0 = Debug|x64
		{7389D450-9AD6-4BC9-89C3-F394426F09F2}.Debug|x86.ActiveCfg = Debug|Win32
		{7389D450-9AD6-4BC9-89C3-F394426F09F2}.Debug|x86.Build.0 = Debug|Win32
		{7389D450-9AD6-4BC9-89C3-F394426F09F2}.Release|x64.ActiveCfg = Release|x64
		{7389D450-9AD6-4BC9-89C3-F394426F09F2}.Release|x64.Build.0 = Release|x64
		{7389D450-9AD6-4BC9-89C3-F394426F09F2}.Release|x86.ActiveCfg = Release|Win32
		{7389D450-9AD6-4BC9-89C3-F394426F09F2}.Release|x86.Build.0 = Release|Win32
		{FC01AEC6-35F7-4BCC-B2E7-50FF2E33488F}.Debug|x64.ActiveCfg = Debug|x64
		{FC01AEC6-35F7-4BCC-B2E7-50FF2E33488F}.Debug|x64.Build.0 = Debug|x64
		{FC01AEC6-35F7-4BCC-B2E7-50FF2E33488F}.Debug|x86.ActiveCfg = Debug|Win32
		{FC01AEC6-35F7-4BCC-B2E7-50FF2E33488F}.Debug|x86.Build.0 = Debug|Win32
		{FC01AEC6-35F7-4BCC-B2E7-50FF2E33488F}.Release|x64.ActiveCfg = Release|x64
		{FC01AEC6-35F7-4BCC-B2E7-50FF2E33488F}.Release|x64.Build.0 = Release|x64
		{FC01AEC6-35F7-4BCC-B2E7-50FF2E33488F}.Release|x86.ActiveCfg = Release|Win32
		{FC01AEC6-35F7-4BCC-B2E7-50FF2E33488F}.Release|x86.Build.0 = Release|Win32
		{72A05D34-7C45-44D6-B9E9-0E8019E43FDB}.Debug|x64.ActiveCfg = Debug|x64
		{72A05D34-7C45-44D6-B9E9-0E8019E43FDB}.Debug|x64.Build.0 = Debug|x64
		{72A05D34-7C45-44D6-B9E9-0E8019E43FDB}.Debug|x86.ActiveCfg = Debug|Win32
		{72A05D34-7C45-44D6-B9E9-0E8019E43FDB}.Debug|x86.Build.0 = Debug|Win32
		{72A05D34-7C45-44D6-B9E9-0E8019E43FDB}.Release|x64.ActiveCfg = Release|x64
		{72A05D34-7C45-44D6-B9E9-0E8019E43FDB}.Release|x64.Build.0 = Release|x64
		{72A05D34-7C45-44D6-B9E9-0E8019E43FDB}.Release|x86.ActiveCfg = Release|Win32
		{72A05D34-7C45-44D6-B9E9-0E8019E43FDB}.Release|x86.Build.0 = Release|Win32
	EndGlobalSection
	GlobalSection(SolutionProperties) = preSolution
		HideSolutionNode = FALSE
	EndGlobalSection
EndGlobal
