<?xml version="1.0" encoding="utf-8"?>
<Project ToolsVersion="4.0" xmlns="http://schemas.microsoft.com/developer/msbuild/2003">
  <ItemGroup>
    <Filter Include="Source files">
      <UniqueIdentifier>{6ed640be-3ce9-49d4-906a-5f29b434472d}</UniqueIdentifier>
      <Extensions>cpp;c;cc;cxx;def;odl;idl;hpj;bat;asm;asmx</Extensions>
    </Filter>
    <Filter Include="Header files">
      <UniqueIdentifier>{b0fc3dfa-b9fd-4afd-8ebf-b5cc6c54d22e}</UniqueIdentifier>
      <Extensions>h;hpp;hxx;hm;inl;inc;xsd</Extensions>
    </Filter>
    <Filter Include="Resource files">
      <UniqueIdentifier>{aea9fa61-b694-433b-8f06-bd1fc4d1fd62}</UniqueIdentifier>
      <Extensions>rc;ico;cur;bmp;dlg;rc2;rct;bin;rgs;gif;jpg;jpeg;jpe;resx;tiff;tif;png;wav</Extensions>
    </Filter>
    <Filter Include="Make files">
      <UniqueIdentifier>{2961f57c-e9b8-488e-9c16-7fadb678601a}</UniqueIdentifier>
      <Extensions>*.mak</Extensions>
    </Filter>
  </ItemGroup>
  <ItemGroup>
    <None Include="..\IvyClient\public\src\CTLogEx\debug.mak">
      <Filter>Make files</Filter>
    </None>
    <None Include="..\IvyClient\public\src\CTLogEx\release.mak">
      <Filter>Make files</Filter>
    </None>
    <None Include="Makefile" />
  </ItemGroup>
  <ItemGroup>
    <ClInclude Include="CTLogEx_OsUnix.h">
      <Filter>Header files</Filter>
    </ClInclude>
    <ClInclude Include="iniparse.h">
      <Filter>Header files</Filter>
    </ClInclude>
  </ItemGroup>
  <ItemGroup>
    <ClCompile Include="CTLogEx.cpp">
      <Filter>Source files</Filter>
    </ClCompile>
    <ClCompile Include="CTLogEx_OsUnix.cpp">
      <Filter>Source files</Filter>
    </ClCompile>
    <ClCompile Include="iniparse.cpp">
      <Filter>Source files</Filter>
    </ClCompile>
  </ItemGroup>
</Project>